// !$*UTF8*$!
{
	archiveVersion = 1;
	classes = {
	};
	objectVersion = 46;
	objects = {

/* Begin PBXBuildFile section */
		231580D41CC0B94A00E1F031 /* MLBArmyKnife.h in CopyFiles */ = {isa = PBXBuildFile; fileRef = 231580D31CC0B94A00E1F031 /* MLBArmyKnife.h */; };
		231580D61CC0B94A00E1F031 /* MLBArmyKnife.m in Sources */ = {isa = PBXBuildFile; fileRef = 231580D51CC0B94A00E1F031 /* MLBArmyKnife.m */; };
/* End PBXBuildFile section */

/* Begin PBXCopyFilesBuildPhase section */
		231580CE1CC0B94A00E1F031 /* CopyFiles */ = {
			isa = PBXCopyFilesBuildPhase;
			buildActionMask = 2147483647;
			dstPath = "include/$(PRODUCT_NAME)";
			dstSubfolderSpec = 16;
			files = (
				231580D41CC0B94A00E1F031 /* MLBArmyKnife.h in CopyFiles */,
			);
			runOnlyForDeploymentPostprocessing = 0;
		};
/* End PBXCopyFilesBuildPhase section */

/* Begin PBXFileReference section */
		231580D01CC0B94A00E1F031 /* libMLBArmyKnife.a */ = {isa = PBXFileReference; explicitFileType = archive.ar; includeInIndex = 0; path = libMLBArmyKnife.a; sourceTree = BUILT_PRODUCTS_DIR; };
		231580D31CC0B94A00E1F031 /* MLBArmyKnife.h */ = {isa = PBXFileReference; lastKnownFileType = sourcecode.c.h; path = MLBArmyKnife.h; sourceTree = "<group>"; };
		231580D51CC0B94A00E1F031 /* MLBArmyKnife.m */ = {isa = PBXFileReference; lastKnownFileType = sourcecode.c.objc; path = MLBArmyKnife.m; sourceTree = "<group>"; };
/* End PBXFileReference section */

/* Begin PBXFrameworksBuildPhase section */
		231580CD1CC0B94A00E1F031 /* Frameworks */ = {
			isa = PBXFrameworksBuildPhase;
			buildActionMask = 2147483647;
			files = (
			);
			runOnlyForDeploymentPostprocessing = 0;
		};
/* End PBXFrameworksBuildPhase section */

/* Begin PBXGroup section */
		231580C71CC0B94A00E1F031 = {
			isa = PBXGroup;
			children = (
				231580D21CC0B94A00E1F031 /* MLBArmyKnife */,
				231580D11CC0B94A00E1F031 /* Products */,
			);
			sourceTree = "<group>";
		};
		231580D11CC0B94A00E1F031 /* Products */ = {
			isa = PBXGroup;
			children = (
				231580D01CC0B94A00E1F031 /* libMLBArmyKnife.a */,
			);
			name = Products;
			sourceTree = "<group>";
		};
		231580D21CC0B94A00E1F031 /* MLBArmyKnife */ = {
			isa = PBXGroup;
			children = (
				231580D31CC0B94A00E1F031 /* MLBArmyKnife.h */,
				231580D51CC0B94A00E1F031 /* MLBArmyKnife.m */,
			);
			path = MLBArmyKnife;
			sourceTree = "<group>";
		};
/* End PBXGroup section */

/* Begin PBXNativeTarget section */
		231580CF1CC0B94A00E1F031 /* MLBArmyKnife */ = {
			isa = PBXNativeTarget;
			buildConfigurationList = 231580D91CC0B94A00E1F031 /* Build configuration list for PBXNativeTarget "MLBArmyKnife" */;
			buildPhases = (
				231580CC1CC0B94A00E1F031 /* Sources */,
				231580CD1CC0B94A00E1F031 /* Frameworks */,
				231580CE1CC0B94A00E1F031 /* CopyFiles */,
			);
			buildRules = (
			);
			dependencies = (
			);
			name = MLBArmyKnife;
			productName = MLBArmyKnife;
			productReference = 231580D01CC0B94A00E1F031 /* libMLBArmyKnife.a */;
			productType = "com.apple.product-type.library.static";
		};
/* End PBXNativeTarget section */

/* Begin PBXProject section */
		231580C81CC0B94A00E1F031 /* Project object */ = {
			isa = PBXProject;
			attributes = {
				LastUpgradeCheck = 0730;
				ORGANIZATIONNAME = meilbn;
				TargetAttributes = {
					231580CF1CC0B94A00E1F031 = {
						CreatedOnToolsVersion = 7.3;
					};
				};
			};
			buildConfigurationList = 231580CB1CC0B94A00E1F031 /* Build configuration list for PBXProject "MLBArmyKnife" */;
			compatibilityVersion = "Xcode 3.2";
			developmentRegion = English;
			hasScannedForEncodings = 0;
			knownRegions = (
				en,
			);
			mainGroup = 231580C71CC0B94A00E1F031;
			productRefGroup = 231580D11CC0B94A00E1F031 /* Products */;
			projectDirPath = "";
			projectRoot = "";
			targets = (
				231580CF1CC0B94A00E1F031 /* MLBArmyKnife */,
			);
		};
/* End PBXProject section */

/* Begin PBXSourcesBuildPhase section */
		231580CC1CC0B94A00E1F031 /* Sources */ = {
			isa = PBXSourcesBuildPhase;
			buildActionMask = 2147483647;
			files = (
				231580D61CC0B94A00E1F031 /* MLBArmyKnife.m in Sources */,
			);
			runOnlyForDeploymentPostprocessing = 0;
		};
/* End PBXSourcesBuildPhase section */

/* Begin XCBuildConfiguration section */
		231580D71CC0B94A00E1F031 /* Debug */ = {
			isa = XCBuildConfiguration;
			buildSettings = {
				ALWAYS_SEARCH_USER_PATHS = NO;
				CLANG_ANALYZER_NONNULL = YES;
				CLANG_CXX_LANGUAGE_STANDARD = "gnu++0x";
				CLANG_CXX_LIBRARY = "libc++";
				CLANG_ENABLE_MODULES = YES;
				CLANG_ENABLE_OBJC_ARC = YES;
				CLANG_WARN_BOOL_CONVERSION = YES;
				CLANG_WARN_CONSTANT_CONVERSION = YES;
				CLANG_WARN_DIRECT_OBJC_ISA_USAGE = YES_ERROR;
				CLANG_WARN_EMPTY_BODY = YES;
				CLANG_WARN_ENUM_CONVERSION = YES;
				CLANG_WARN_INT_CONVERSION = YES;
				CLANG_WARN_OBJC_ROOT_CLASS = YES_ERROR;
				CLANG_WARN_UNREACHABLE_CODE = YES;
				CLANG_WARN__DUPLICATE_METHOD_MATCH = YES;
				"CODE_SIGN_IDENTITY[sdk=iphoneos*]" = "iPhone Developer";
				COPY_PHASE_STRIP = NO;
				DEBUG_INFORMATION_FORMAT = dwarf;
				ENABLE_STRICT_OBJC_MSGSEND = YES;
				ENABLE_TESTABILITY = YES;
				GCC_C_LANGUAGE_STANDARD = gnu99;
				GCC_DYNAMIC_NO_PIC = NO;
				GCC_NO_COMMON_BLOCKS = YES;
				GCC_OPTIMIZATION_LEVEL = 0;
				GCC_PREPROCESSOR_DEFINITIONS = (
					"DEBUG=1",
					"$(inherited)",
				);
				GCC_WARN_64_TO_32_BIT_CONVERSION = YES;
				GCC_WARN_ABOUT_RETURN_TYPE = YES_ERROR;
				GCC_WARN_UNDECLARED_SELECTOR = YES;
				GCC_WARN_UNINITIALIZED_AUTOS = YES_AGGRESSIVE;
				GCC_WARN_UNUSED_FUNCTION = YES;
				GCC_WARN_UNUSED_VARIABLE = YES;
				IPHONEOS_DEPLOYMENT_TARGET = 9.3;
				MTL_ENABLE_DEBUG_INFO = YES;
				ONLY_ACTIVE_ARCH = YES;
				SDKROOT = iphoneos;
			};
			name = Debug;
		};
		231580D81CC0B94A00E1F031 /* Release */ = {
			isa = XCBuildConfiguration;
			buildSettings = {
				ALWAYS_SEARCH_USER_PATHS = NO;
				CLANG_ANALYZER_NONNULL = YES;
				CLANG_CXX_LANGUAGE_STANDARD = "gnu++0x";
				CLANG_CXX_LIBRARY = "libc++";
				CLANG_ENABLE_MODULES = YES;
				CLANG_ENABLE_OBJC_ARC = YES;
				CLANG_WARN_BOOL_CONVERSION = YES;
				CLANG_WARN_CONSTANT_CONVERSION = YES;
				CLANG_WARN_DIRECT_OBJC_ISA_USAGE = YES_ERROR;
				CLANG_WARN_EMPTY_BODY = YES;
				CLANG_WARN_ENUM_CONVERSION = YES;
				CLANG_WARN_INT_CONVERSION = YES;
				CLANG_WARN_OBJC_ROOT_CLASS = YES_ERROR;
				CLANG_WARN_UNREACHABLE_CODE = YES;
				CLANG_WARN__DUPLICATE_METHOD_MATCH = YES;
				"CODE_SIGN_IDENTITY[sdk=iphoneos*]" = "iPhone Developer";
				COPY_PHASE_STRIP = NO;
				DEBUG_INFORMATION_FORMAT = "dwarf-with-dsym";
				ENABLE_NS_ASSERTIONS = NO;
				ENABLE_STRICT_OBJC_MSGSEND = YES;
				GCC_C_LANGUAGE_STANDARD = gnu99;
				GCC_NO_COMMON_BLOCKS = YES;
				GCC_WARN_64_TO_32_BIT_CONVERSION = YES;
				GCC_WARN_ABOUT_RETURN_TYPE = YES_ERROR;
				GCC_WARN_UNDECLARED_SELECTOR = YES;
				GCC_WARN_UNINITIALIZED_AUTOS = YES_AGGRESSIVE;
				GCC_WARN_UNUSED_FUNCTION = YES;
				GCC_WARN_UNUSED_VARIABLE = YES;
				IPHONEOS_DEPLOYMENT_TARGET = 9.3;
				MTL_ENABLE_DEBUG_INFO = NO;
				SDKROOT = iphoneos;
				VALIDATE_PRODUCT = YES;
			};
			name = Release;
		};
		231580DA1CC0B94A00E1F031 /* Debug */ = {
			isa = XCBuildConfiguration;
			buildSettings = {
				OTHER_LDFLAGS = "-ObjC";
				PRODUCT_NAME = "$(TARGET_NAME)";
				SKIP_INSTALL = YES;
			};
			name = Debug;
		};
		231580DB1CC0B94A00E1F031 /* Release */ = {
			isa = XCBuildConfiguration;
			buildSettings = {
				OTHER_LDFLAGS = "-ObjC";
				PRODUCT_NAME = "$(TARGET_NAME)";
				SKIP_INSTALL = YES;
			};
			name = Release;
		};
/* End XCBuildConfiguration section */

/* Begin XCConfigurationList section */
		231580CB1CC0B94A00E1F031 /* Build configuration list for PBXProject "MLBArmyKnife" */ = {
			isa = XCConfigurationList;
			buildConfigurations = (
				231580D71CC0B94A00E1F031 /* Debug */,
				231580D81CC0B94A00E1F031 /* Release */,
			);
			defaultConfigurationIsVisible = 0;
			defaultConfigurationName = Release;
		};
		231580D91CC0B94A00E1F031 /* Build configuration list for PBXNativeTarget "MLBArmyKnife" */ = {
			isa = XCConfigurationList;
			buildConfigurations = (
				231580DA1CC0B94A00E1F031 /* Debug */,
				231580DB1CC0B94A00E1F031 /* Release */,
			);
			defaultConfigurationIsVisible = 0;
		};
/* End XCConfigurationList section */
	};
	rootObject = 231580C81CC0B94A00E1F031 /* Project object */;
}
