// !$*UTF8*$!
{
	archiveVersion = 1;
	classes = {
	};
	objectVersion = 46;
	objects = {

/* Begin PBXBuildFile section */
		149267A1976D4653F1458594 /* libPods-MLBArmyKnife.a in Frameworks */ = {isa = PBXBuildFile; fileRef = 1222FC610867C027DC6F3451 /* libPods-MLBArmyKnife.a */; };
		2304691E1D839F03003FDFE4 /* MLBUIFactory.m in Sources */ = {isa = PBXBuildFile; fileRef = 2304691D1D839F03003FDFE4 /* MLBUIFactory.m */; };
		2304692B1D83A0D2003FDFE4 /* img_scan_code_light_off.png in Resources */ = {isa = PBXBuildFile; fileRef = 230469221D83A0D2003FDFE4 /* img_scan_code_light_off.png */; };
		2304692C1D83A0D2003FDFE4 /* img_scan_code_light_on.png in Resources */ = {isa = PBXBuildFile; fileRef = 230469231D83A0D2003FDFE4 /* img_scan_code_light_on.png */; };
		2304692D1D83A0D2003FDFE4 /* QRCodeScanLine.png in Resources */ = {isa = PBXBuildFile; fileRef = 230469241D83A0D2003FDFE4 /* QRCodeScanLine.png */; };
		2304692E1D83A0D2003FDFE4 /* qrcode_found.wav in Resources */ = {isa = PBXBuildFile; fileRef = 230469261D83A0D2003FDFE4 /* qrcode_found.wav */; };
		2304692F1D83A0D2003FDFE4 /* MLBScanCodeViewController.m in Sources */ = {isa = PBXBuildFile; fileRef = 2304692A1D83A0D2003FDFE4 /* MLBScanCodeViewController.m */; };
		2304693E1D83A0DA003FDFE4 /* MLBCircularImageView.m in Sources */ = {isa = PBXBuildFile; fileRef = 230469341D83A0DA003FDFE4 /* MLBCircularImageView.m */; };
		2304693F1D83A0DA003FDFE4 /* MLBDrawingView.m in Sources */ = {isa = PBXBuildFile; fileRef = 230469371D83A0DA003FDFE4 /* MLBDrawingView.m */; };
		230469401D83A0DA003FDFE4 /* MLBTopImageButton.m in Sources */ = {isa = PBXBuildFile; fileRef = 2304693A1D83A0DA003FDFE4 /* MLBTopImageButton.m */; };
		230469411D83A0DA003FDFE4 /* MLBTopImageWithPointButton.m in Sources */ = {isa = PBXBuildFile; fileRef = 2304693C1D83A0DA003FDFE4 /* MLBTopImageWithPointButton.m */; };
		230469441D83A296003FDFE4 /* MLBCircularLoaderView.m in Sources */ = {isa = PBXBuildFile; fileRef = 230469431D83A296003FDFE4 /* MLBCircularLoaderView.m */; };
		2304694D1D83A36A003FDFE4 /* MLBBaseViewController.m in Sources */ = {isa = PBXBuildFile; fileRef = 230469471D83A36A003FDFE4 /* MLBBaseViewController.m */; };
		2304694E1D83A36A003FDFE4 /* MLBNavigationController.m in Sources */ = {isa = PBXBuildFile; fileRef = 230469491D83A36A003FDFE4 /* MLBNavigationController.m */; };
		2304694F1D83A36A003FDFE4 /* MLBTabBarController.m in Sources */ = {isa = PBXBuildFile; fileRef = 2304694C1D83A36A003FDFE4 /* MLBTabBarController.m */; };
		230469511D83A4D4003FDFE4 /* AVFoundation.framework in Frameworks */ = {isa = PBXBuildFile; fileRef = 230469501D83A4D4003FDFE4 /* AVFoundation.framework */; };
		230469531D83A4DA003FDFE4 /* AudioToolbox.framework in Frameworks */ = {isa = PBXBuildFile; fileRef = 230469521D83A4DA003FDFE4 /* AudioToolbox.framework */; };
		230469551D83A4E4003FDFE4 /* MobileCoreServices.framework in Frameworks */ = {isa = PBXBuildFile; fileRef = 230469541D83A4E4003FDFE4 /* MobileCoreServices.framework */; };
		230469581D83ABF1003FDFE4 /* UINavigationController+MLBNavigationShouldPopExtention.m in Sources */ = {isa = PBXBuildFile; fileRef = 230469571D83ABF1003FDFE4 /* UINavigationController+MLBNavigationShouldPopExtention.m */; };
		2304695B1D83AC54003FDFE4 /* NSDecimalNumber+MLBUtilities.m in Sources */ = {isa = PBXBuildFile; fileRef = 2304695A1D83AC54003FDFE4 /* NSDecimalNumber+MLBUtilities.m */; };
		2304695E1D83ACE4003FDFE4 /* NSTimer+MLBBlocksSupport.m in Sources */ = {isa = PBXBuildFile; fileRef = 2304695D1D83ACE4003FDFE4 /* NSTimer+MLBBlocksSupport.m */; };
		230469631D83AE78003FDFE4 /* MBProgressHUD.m in Sources */ = {isa = PBXBuildFile; fileRef = 230469621D83AE78003FDFE4 /* MBProgressHUD.m */; };
		230469661D83AEA5003FDFE4 /* UIView+MLBShowHUD.m in Sources */ = {isa = PBXBuildFile; fileRef = 230469651D83AEA5003FDFE4 /* UIView+MLBShowHUD.m */; };
		230469691D83AF97003FDFE4 /* NSArray+MLBUtilities.m in Sources */ = {isa = PBXBuildFile; fileRef = 230469681D83AF97003FDFE4 /* NSArray+MLBUtilities.m */; };
		2304696B1D83B3F9003FDFE4 /* Photos.framework in Frameworks */ = {isa = PBXBuildFile; fileRef = 2304696A1D83B3F9003FDFE4 /* Photos.framework */; };
		23595CED1D84E31600C07CAA /* UIScrollView+MLBUtilities.m in Sources */ = {isa = PBXBuildFile; fileRef = 23595CEC1D84E31600C07CAA /* UIScrollView+MLBUtilities.m */; };
		23AF69D31CC481B400A48DDC /* main.m in Sources */ = {isa = PBXBuildFile; fileRef = 23AF69D21CC481B400A48DDC /* main.m */; };
		23AF69D61CC481B400A48DDC /* AppDelegate.m in Sources */ = {isa = PBXBuildFile; fileRef = 23AF69D51CC481B400A48DDC /* AppDelegate.m */; };
		23AF69D91CC481B400A48DDC /* ViewController.m in Sources */ = {isa = PBXBuildFile; fileRef = 23AF69D81CC481B400A48DDC /* ViewController.m */; };
		23AF69DC1CC481B400A48DDC /* Main.storyboard in Resources */ = {isa = PBXBuildFile; fileRef = 23AF69DA1CC481B400A48DDC /* Main.storyboard */; };
		23AF69DE1CC481B400A48DDC /* Assets.xcassets in Resources */ = {isa = PBXBuildFile; fileRef = 23AF69DD1CC481B400A48DDC /* Assets.xcassets */; };
		23AF69E11CC481B400A48DDC /* LaunchScreen.storyboard in Resources */ = {isa = PBXBuildFile; fileRef = 23AF69DF1CC481B400A48DDC /* LaunchScreen.storyboard */; };
		23AF69EC1CC481B400A48DDC /* MLBArmyKnifeTests.m in Sources */ = {isa = PBXBuildFile; fileRef = 23AF69EB1CC481B400A48DDC /* MLBArmyKnifeTests.m */; };
		23AF69F71CC481B400A48DDC /* MLBArmyKnifeUITests.m in Sources */ = {isa = PBXBuildFile; fileRef = 23AF69F61CC481B400A48DDC /* MLBArmyKnifeUITests.m */; };
		23AF6A0F1CC4822300A48DDC /* NSString+MLBUtilities.m in Sources */ = {isa = PBXBuildFile; fileRef = 23AF6A071CC4822300A48DDC /* NSString+MLBUtilities.m */; };
		23AF6A101CC4822300A48DDC /* UIColor+MLBUtilities.m in Sources */ = {isa = PBXBuildFile; fileRef = 23AF6A091CC4822300A48DDC /* UIColor+MLBUtilities.m */; };
		23AF6A111CC4822300A48DDC /* UIImage+MLBUtilities.m in Sources */ = {isa = PBXBuildFile; fileRef = 23AF6A0B1CC4822300A48DDC /* UIImage+MLBUtilities.m */; };
		23AF6A121CC4822300A48DDC /* MLBUtilities.m in Sources */ = {isa = PBXBuildFile; fileRef = 23AF6A0E1CC4822300A48DDC /* MLBUtilities.m */; };
		23AF6A161CC48BE000A48DDC /* UIView+MLBUtilities.m in Sources */ = {isa = PBXBuildFile; fileRef = 23AF6A151CC48BE000A48DDC /* UIView+MLBUtilities.m */; };
		23AF6A191CC48CB900A48DDC /* UIImageView+MLBSDImageLoader.m in Sources */ = {isa = PBXBuildFile; fileRef = 23AF6A181CC48CB900A48DDC /* UIImageView+MLBSDImageLoader.m */; };
		23AF6A1D1CC48F5800A48DDC /* CoreGraphics.framework in Frameworks */ = {isa = PBXBuildFile; fileRef = 23AF6A1C1CC48F5800A48DDC /* CoreGraphics.framework */; };
		23AF6A1F1CC48F5E00A48DDC /* CoreLocation.framework in Frameworks */ = {isa = PBXBuildFile; fileRef = 23AF6A1E1CC48F5E00A48DDC /* CoreLocation.framework */; };
		23AF6A211CC48F6300A48DDC /* ImageIO.framework in Frameworks */ = {isa = PBXBuildFile; fileRef = 23AF6A201CC48F6300A48DDC /* ImageIO.framework */; };
		23AF6A231CC493B400A48DDC /* MapKit.framework in Frameworks */ = {isa = PBXBuildFile; fileRef = 23AF6A221CC493B300A48DDC /* MapKit.framework */; };
/* End PBXBuildFile section */

/* Begin PBXContainerItemProxy section */
		23AF69E81CC481B400A48DDC /* PBXContainerItemProxy */ = {
			isa = PBXContainerItemProxy;
			containerPortal = 23AF69C61CC481B400A48DDC /* Project object */;
			proxyType = 1;
			remoteGlobalIDString = 23AF69CD1CC481B400A48DDC;
			remoteInfo = MLBArmyKnife;
		};
		23AF69F31CC481B400A48DDC /* PBXContainerItemProxy */ = {
			isa = PBXContainerItemProxy;
			containerPortal = 23AF69C61CC481B400A48DDC /* Project object */;
			proxyType = 1;
			remoteGlobalIDString = 23AF69CD1CC481B400A48DDC;
			remoteInfo = MLBArmyKnife;
		};
/* End PBXContainerItemProxy section */

/* Begin PBXFileReference section */
		1222FC610867C027DC6F3451 /* libPods-MLBArmyKnife.a */ = {isa = PBXFileReference; explicitFileType = archive.ar; includeInIndex = 0; path = "libPods-MLBArmyKnife.a"; sourceTree = BUILT_PRODUCTS_DIR; };
		2304691B1D839D06003FDFE4 /* MLBConstants.h */ = {isa = PBXFileReference; fileEncoding = 4; lastKnownFileType = sourcecode.c.h; path = MLBConstants.h; sourceTree = "<group>"; };
		2304691C1D839F03003FDFE4 /* MLBUIFactory.h */ = {isa = PBXFileReference; fileEncoding = 4; lastKnownFileType = sourcecode.c.h; path = MLBUIFactory.h; sourceTree = "<group>"; };
		2304691D1D839F03003FDFE4 /* MLBUIFactory.m */ = {isa = PBXFileReference; fileEncoding = 4; lastKnownFileType = sourcecode.c.objc; path = MLBUIFactory.m; sourceTree = "<group>"; };
		230469221D83A0D2003FDFE4 /* img_scan_code_light_off.png */ = {isa = PBXFileReference; lastKnownFileType = image.png; path = img_scan_code_light_off.png; sourceTree = "<group>"; };
		230469231D83A0D2003FDFE4 /* img_scan_code_light_on.png */ = {isa = PBXFileReference; lastKnownFileType = image.png; path = img_scan_code_light_on.png; sourceTree = "<group>"; };
		230469241D83A0D2003FDFE4 /* QRCodeScanLine.png */ = {isa = PBXFileReference; lastKnownFileType = image.png; path = QRCodeScanLine.png; sourceTree = "<group>"; };
		230469261D83A0D2003FDFE4 /* qrcode_found.wav */ = {isa = PBXFileReference; lastKnownFileType = audio.wav; path = qrcode_found.wav; sourceTree = "<group>"; };
		230469291D83A0D2003FDFE4 /* MLBScanCodeViewController.h */ = {isa = PBXFileReference; fileEncoding = 4; lastKnownFileType = sourcecode.c.h; path = MLBScanCodeViewController.h; sourceTree = "<group>"; };
		2304692A1D83A0D2003FDFE4 /* MLBScanCodeViewController.m */ = {isa = PBXFileReference; fileEncoding = 4; lastKnownFileType = sourcecode.c.objc; path = MLBScanCodeViewController.m; sourceTree = "<group>"; };
		230469331D83A0DA003FDFE4 /* MLBCircularImageView.h */ = {isa = PBXFileReference; fileEncoding = 4; lastKnownFileType = sourcecode.c.h; path = MLBCircularImageView.h; sourceTree = "<group>"; };
		230469341D83A0DA003FDFE4 /* MLBCircularImageView.m */ = {isa = PBXFileReference; fileEncoding = 4; lastKnownFileType = sourcecode.c.objc; path = MLBCircularImageView.m; sourceTree = "<group>"; };
		230469361D83A0DA003FDFE4 /* MLBDrawingView.h */ = {isa = PBXFileReference; fileEncoding = 4; lastKnownFileType = sourcecode.c.h; path = MLBDrawingView.h; sourceTree = "<group>"; };
		230469371D83A0DA003FDFE4 /* MLBDrawingView.m */ = {isa = PBXFileReference; fileEncoding = 4; lastKnownFileType = sourcecode.c.objc; path = MLBDrawingView.m; sourceTree = "<group>"; };
		230469391D83A0DA003FDFE4 /* MLBTopImageButton.h */ = {isa = PBXFileReference; fileEncoding = 4; lastKnownFileType = sourcecode.c.h; path = MLBTopImageButton.h; sourceTree = "<group>"; };
		2304693A1D83A0DA003FDFE4 /* MLBTopImageButton.m */ = {isa = PBXFileReference; fileEncoding = 4; lastKnownFileType = sourcecode.c.objc; path = MLBTopImageButton.m; sourceTree = "<group>"; };
		2304693B1D83A0DA003FDFE4 /* MLBTopImageWithPointButton.h */ = {isa = PBXFileReference; fileEncoding = 4; lastKnownFileType = sourcecode.c.h; path = MLBTopImageWithPointButton.h; sourceTree = "<group>"; };
		2304693C1D83A0DA003FDFE4 /* MLBTopImageWithPointButton.m */ = {isa = PBXFileReference; fileEncoding = 4; lastKnownFileType = sourcecode.c.objc; path = MLBTopImageWithPointButton.m; sourceTree = "<group>"; };
		230469421D83A296003FDFE4 /* MLBCircularLoaderView.h */ = {isa = PBXFileReference; fileEncoding = 4; lastKnownFileType = sourcecode.c.h; path = MLBCircularLoaderView.h; sourceTree = "<group>"; };
		230469431D83A296003FDFE4 /* MLBCircularLoaderView.m */ = {isa = PBXFileReference; fileEncoding = 4; lastKnownFileType = sourcecode.c.objc; path = MLBCircularLoaderView.m; sourceTree = "<group>"; };
		230469461D83A36A003FDFE4 /* MLBBaseViewController.h */ = {isa = PBXFileReference; fileEncoding = 4; lastKnownFileType = sourcecode.c.h; path = MLBBaseViewController.h; sourceTree = "<group>"; };
		230469471D83A36A003FDFE4 /* MLBBaseViewController.m */ = {isa = PBXFileReference; fileEncoding = 4; lastKnownFileType = sourcecode.c.objc; path = MLBBaseViewController.m; sourceTree = "<group>"; };
		230469481D83A36A003FDFE4 /* MLBNavigationController.h */ = {isa = PBXFileReference; fileEncoding = 4; lastKnownFileType = sourcecode.c.h; path = MLBNavigationController.h; sourceTree = "<group>"; };
		230469491D83A36A003FDFE4 /* MLBNavigationController.m */ = {isa = PBXFileReference; fileEncoding = 4; lastKnownFileType = sourcecode.c.objc; path = MLBNavigationController.m; sourceTree = "<group>"; };
		2304694B1D83A36A003FDFE4 /* MLBTabBarController.h */ = {isa = PBXFileReference; fileEncoding = 4; lastKnownFileType = sourcecode.c.h; path = MLBTabBarController.h; sourceTree = "<group>"; };
		2304694C1D83A36A003FDFE4 /* MLBTabBarController.m */ = {isa = PBXFileReference; fileEncoding = 4; lastKnownFileType = sourcecode.c.objc; path = MLBTabBarController.m; sourceTree = "<group>"; };
		230469501D83A4D4003FDFE4 /* AVFoundation.framework */ = {isa = PBXFileReference; lastKnownFileType = wrapper.framework; name = AVFoundation.framework; path = System/Library/Frameworks/AVFoundation.framework; sourceTree = SDKROOT; };
		230469521D83A4DA003FDFE4 /* AudioToolbox.framework */ = {isa = PBXFileReference; lastKnownFileType = wrapper.framework; name = AudioToolbox.framework; path = System/Library/Frameworks/AudioToolbox.framework; sourceTree = SDKROOT; };
		230469541D83A4E4003FDFE4 /* MobileCoreServices.framework */ = {isa = PBXFileReference; lastKnownFileType = wrapper.framework; name = MobileCoreServices.framework; path = System/Library/Frameworks/MobileCoreServices.framework; sourceTree = SDKROOT; };
		230469561D83ABF1003FDFE4 /* UINavigationController+MLBNavigationShouldPopExtention.h */ = {isa = PBXFileReference; fileEncoding = 4; lastKnownFileType = sourcecode.c.h; path = "UINavigationController+MLBNavigationShouldPopExtention.h"; sourceTree = "<group>"; };
		230469571D83ABF1003FDFE4 /* UINavigationController+MLBNavigationShouldPopExtention.m */ = {isa = PBXFileReference; fileEncoding = 4; lastKnownFileType = sourcecode.c.objc; path = "UINavigationController+MLBNavigationShouldPopExtention.m"; sourceTree = "<group>"; };
		230469591D83AC54003FDFE4 /* NSDecimalNumber+MLBUtilities.h */ = {isa = PBXFileReference; fileEncoding = 4; lastKnownFileType = sourcecode.c.h; path = "NSDecimalNumber+MLBUtilities.h"; sourceTree = "<group>"; };
		2304695A1D83AC54003FDFE4 /* NSDecimalNumber+MLBUtilities.m */ = {isa = PBXFileReference; fileEncoding = 4; lastKnownFileType = sourcecode.c.objc; path = "NSDecimalNumber+MLBUtilities.m"; sourceTree = "<group>"; };
		2304695C1D83ACE4003FDFE4 /* NSTimer+MLBBlocksSupport.h */ = {isa = PBXFileReference; fileEncoding = 4; lastKnownFileType = sourcecode.c.h; path = "NSTimer+MLBBlocksSupport.h"; sourceTree = "<group>"; };
		2304695D1D83ACE4003FDFE4 /* NSTimer+MLBBlocksSupport.m */ = {isa = PBXFileReference; fileEncoding = 4; lastKnownFileType = sourcecode.c.objc; path = "NSTimer+MLBBlocksSupport.m"; sourceTree = "<group>"; };
		230469611D83AE78003FDFE4 /* MBProgressHUD.h */ = {isa = PBXFileReference; fileEncoding = 4; lastKnownFileType = sourcecode.c.h; path = MBProgressHUD.h; sourceTree = "<group>"; };
		230469621D83AE78003FDFE4 /* MBProgressHUD.m */ = {isa = PBXFileReference; fileEncoding = 4; lastKnownFileType = sourcecode.c.objc; path = MBProgressHUD.m; sourceTree = "<group>"; };
		230469641D83AEA5003FDFE4 /* UIView+MLBShowHUD.h */ = {isa = PBXFileReference; fileEncoding = 4; lastKnownFileType = sourcecode.c.h; path = "UIView+MLBShowHUD.h"; sourceTree = "<group>"; };
		230469651D83AEA5003FDFE4 /* UIView+MLBShowHUD.m */ = {isa = PBXFileReference; fileEncoding = 4; lastKnownFileType = sourcecode.c.objc; path = "UIView+MLBShowHUD.m"; sourceTree = "<group>"; };
		230469671D83AF97003FDFE4 /* NSArray+MLBUtilities.h */ = {isa = PBXFileReference; fileEncoding = 4; lastKnownFileType = sourcecode.c.h; path = "NSArray+MLBUtilities.h"; sourceTree = "<group>"; };
		230469681D83AF97003FDFE4 /* NSArray+MLBUtilities.m */ = {isa = PBXFileReference; fileEncoding = 4; lastKnownFileType = sourcecode.c.objc; path = "NSArray+MLBUtilities.m"; sourceTree = "<group>"; };
		2304696A1D83B3F9003FDFE4 /* Photos.framework */ = {isa = PBXFileReference; lastKnownFileType = wrapper.framework; name = Photos.framework; path = System/Library/Frameworks/Photos.framework; sourceTree = SDKROOT; };
		23595CEB1D84E31600C07CAA /* UIScrollView+MLBUtilities.h */ = {isa = PBXFileReference; fileEncoding = 4; lastKnownFileType = sourcecode.c.h; path = "UIScrollView+MLBUtilities.h"; sourceTree = "<group>"; };
		23595CEC1D84E31600C07CAA /* UIScrollView+MLBUtilities.m */ = {isa = PBXFileReference; fileEncoding = 4; lastKnownFileType = sourcecode.c.objc; path = "UIScrollView+MLBUtilities.m"; sourceTree = "<group>"; };
		23AF69CE1CC481B400A48DDC /* MLBArmyKnife.app */ = {isa = PBXFileReference; explicitFileType = wrapper.application; includeInIndex = 0; path = MLBArmyKnife.app; sourceTree = BUILT_PRODUCTS_DIR; };
		23AF69D21CC481B400A48DDC /* main.m */ = {isa = PBXFileReference; lastKnownFileType = sourcecode.c.objc; path = main.m; sourceTree = "<group>"; };
		23AF69D41CC481B400A48DDC /* AppDelegate.h */ = {isa = PBXFileReference; lastKnownFileType = sourcecode.c.h; path = AppDelegate.h; sourceTree = "<group>"; };
		23AF69D51CC481B400A48DDC /* AppDelegate.m */ = {isa = PBXFileReference; lastKnownFileType = sourcecode.c.objc; path = AppDelegate.m; sourceTree = "<group>"; };
		23AF69D71CC481B400A48DDC /* ViewController.h */ = {isa = PBXFileReference; lastKnownFileType = sourcecode.c.h; path = ViewController.h; sourceTree = "<group>"; };
		23AF69D81CC481B400A48DDC /* ViewController.m */ = {isa = PBXFileReference; lastKnownFileType = sourcecode.c.objc; path = ViewController.m; sourceTree = "<group>"; };
		23AF69DB1CC481B400A48DDC /* Base */ = {isa = PBXFileReference; lastKnownFileType = file.storyboard; name = Base; path = Base.lproj/Main.storyboard; sourceTree = "<group>"; };
		23AF69DD1CC481B400A48DDC /* Assets.xcassets */ = {isa = PBXFileReference; lastKnownFileType = folder.assetcatalog; path = Assets.xcassets; sourceTree = "<group>"; };
		23AF69E01CC481B400A48DDC /* Base */ = {isa = PBXFileReference; lastKnownFileType = file.storyboard; name = Base; path = Base.lproj/LaunchScreen.storyboard; sourceTree = "<group>"; };
		23AF69E21CC481B400A48DDC /* Info.plist */ = {isa = PBXFileReference; lastKnownFileType = text.plist.xml; path = Info.plist; sourceTree = "<group>"; };
		23AF69E71CC481B400A48DDC /* MLBArmyKnifeTests.xctest */ = {isa = PBXFileReference; explicitFileType = wrapper.cfbundle; includeInIndex = 0; path = MLBArmyKnifeTests.xctest; sourceTree = BUILT_PRODUCTS_DIR; };
		23AF69EB1CC481B400A48DDC /* MLBArmyKnifeTests.m */ = {isa = PBXFileReference; lastKnownFileType = sourcecode.c.objc; path = MLBArmyKnifeTests.m; sourceTree = "<group>"; };
		23AF69ED1CC481B400A48DDC /* Info.plist */ = {isa = PBXFileReference; lastKnownFileType = text.plist.xml; path = Info.plist; sourceTree = "<group>"; };
		23AF69F21CC481B400A48DDC /* MLBArmyKnifeUITests.xctest */ = {isa = PBXFileReference; explicitFileType = wrapper.cfbundle; includeInIndex = 0; path = MLBArmyKnifeUITests.xctest; sourceTree = BUILT_PRODUCTS_DIR; };
		23AF69F61CC481B400A48DDC /* MLBArmyKnifeUITests.m */ = {isa = PBXFileReference; lastKnownFileType = sourcecode.c.objc; path = MLBArmyKnifeUITests.m; sourceTree = "<group>"; };
		23AF69F81CC481B400A48DDC /* Info.plist */ = {isa = PBXFileReference; lastKnownFileType = text.plist.xml; path = Info.plist; sourceTree = "<group>"; };
		23AF6A061CC4822300A48DDC /* NSString+MLBUtilities.h */ = {isa = PBXFileReference; fileEncoding = 4; lastKnownFileType = sourcecode.c.h; path = "NSString+MLBUtilities.h"; sourceTree = "<group>"; };
		23AF6A071CC4822300A48DDC /* NSString+MLBUtilities.m */ = {isa = PBXFileReference; fileEncoding = 4; lastKnownFileType = sourcecode.c.objc; path = "NSString+MLBUtilities.m"; sourceTree = "<group>"; };
		23AF6A081CC4822300A48DDC /* UIColor+MLBUtilities.h */ = {isa = PBXFileReference; fileEncoding = 4; lastKnownFileType = sourcecode.c.h; path = "UIColor+MLBUtilities.h"; sourceTree = "<group>"; };
		23AF6A091CC4822300A48DDC /* UIColor+MLBUtilities.m */ = {isa = PBXFileReference; fileEncoding = 4; lastKnownFileType = sourcecode.c.objc; path = "UIColor+MLBUtilities.m"; sourceTree = "<group>"; };
		23AF6A0A1CC4822300A48DDC /* UIImage+MLBUtilities.h */ = {isa = PBXFileReference; fileEncoding = 4; lastKnownFileType = sourcecode.c.h; path = "UIImage+MLBUtilities.h"; sourceTree = "<group>"; };
		23AF6A0B1CC4822300A48DDC /* UIImage+MLBUtilities.m */ = {isa = PBXFileReference; fileEncoding = 4; lastKnownFileType = sourcecode.c.objc; path = "UIImage+MLBUtilities.m"; sourceTree = "<group>"; };
		23AF6A0C1CC4822300A48DDC /* MLBArmyKnife.h */ = {isa = PBXFileReference; fileEncoding = 4; lastKnownFileType = sourcecode.c.h; path = MLBArmyKnife.h; sourceTree = "<group>"; };
		23AF6A0D1CC4822300A48DDC /* MLBUtilities.h */ = {isa = PBXFileReference; fileEncoding = 4; lastKnownFileType = sourcecode.c.h; path = MLBUtilities.h; sourceTree = "<group>"; };
		23AF6A0E1CC4822300A48DDC /* MLBUtilities.m */ = {isa = PBXFileReference; fileEncoding = 4; lastKnownFileType = sourcecode.c.objc; path = MLBUtilities.m; sourceTree = "<group>"; };
		23AF6A131CC483BA00A48DDC /* MLBMacros.h */ = {isa = PBXFileReference; fileEncoding = 4; lastKnownFileType = sourcecode.c.h; path = MLBMacros.h; sourceTree = "<group>"; };
		23AF6A141CC48BE000A48DDC /* UIView+MLBUtilities.h */ = {isa = PBXFileReference; fileEncoding = 4; lastKnownFileType = sourcecode.c.h; path = "UIView+MLBUtilities.h"; sourceTree = "<group>"; };
		23AF6A151CC48BE000A48DDC /* UIView+MLBUtilities.m */ = {isa = PBXFileReference; fileEncoding = 4; lastKnownFileType = sourcecode.c.objc; path = "UIView+MLBUtilities.m"; sourceTree = "<group>"; };
		23AF6A171CC48CB900A48DDC /* UIImageView+MLBSDImageLoader.h */ = {isa = PBXFileReference; fileEncoding = 4; lastKnownFileType = sourcecode.c.h; path = "UIImageView+MLBSDImageLoader.h"; sourceTree = "<group>"; };
		23AF6A181CC48CB900A48DDC /* UIImageView+MLBSDImageLoader.m */ = {isa = PBXFileReference; fileEncoding = 4; lastKnownFileType = sourcecode.c.objc; path = "UIImageView+MLBSDImageLoader.m"; sourceTree = "<group>"; };
		23AF6A1A1CC48D6E00A48DDC /* MLBArmyKnife.pch */ = {isa = PBXFileReference; fileEncoding = 4; lastKnownFileType = sourcecode.c.h; path = MLBArmyKnife.pch; sourceTree = "<group>"; };
		23AF6A1C1CC48F5800A48DDC /* CoreGraphics.framework */ = {isa = PBXFileReference; lastKnownFileType = wrapper.framework; name = CoreGraphics.framework; path = System/Library/Frameworks/CoreGraphics.framework; sourceTree = SDKROOT; };
		23AF6A1E1CC48F5E00A48DDC /* CoreLocation.framework */ = {isa = PBXFileReference; lastKnownFileType = wrapper.framework; name = CoreLocation.framework; path = System/Library/Frameworks/CoreLocation.framework; sourceTree = SDKROOT; };
		23AF6A201CC48F6300A48DDC /* ImageIO.framework */ = {isa = PBXFileReference; lastKnownFileType = wrapper.framework; name = ImageIO.framework; path = System/Library/Frameworks/ImageIO.framework; sourceTree = SDKROOT; };
		23AF6A221CC493B300A48DDC /* MapKit.framework */ = {isa = PBXFileReference; lastKnownFileType = wrapper.framework; name = MapKit.framework; path = System/Library/Frameworks/MapKit.framework; sourceTree = SDKROOT; };
		666A2FA353D62B72F67E0CCE /* Pods-MLBArmyKnife.debug.xcconfig */ = {isa = PBXFileReference; includeInIndex = 1; lastKnownFileType = text.xcconfig; name = "Pods-MLBArmyKnife.debug.xcconfig"; path = "Pods/Target Support Files/Pods-MLBArmyKnife/Pods-MLBArmyKnife.debug.xcconfig"; sourceTree = "<group>"; };
		C8859B76E8F8E28AB1D678E0 /* Pods-MLBArmyKnife.release.xcconfig */ = {isa = PBXFileReference; includeInIndex = 1; lastKnownFileType = text.xcconfig; name = "Pods-MLBArmyKnife.release.xcconfig"; path = "Pods/Target Support Files/Pods-MLBArmyKnife/Pods-MLBArmyKnife.release.xcconfig"; sourceTree = "<group>"; };
/* End PBXFileReference section */

/* Begin PBXFrameworksBuildPhase section */
		23AF69CB1CC481B400A48DDC /* Frameworks */ = {
			isa = PBXFrameworksBuildPhase;
			buildActionMask = 2147483647;
			files = (
				2304696B1D83B3F9003FDFE4 /* Photos.framework in Frameworks */,
				230469551D83A4E4003FDFE4 /* MobileCoreServices.framework in Frameworks */,
				230469531D83A4DA003FDFE4 /* AudioToolbox.framework in Frameworks */,
				230469511D83A4D4003FDFE4 /* AVFoundation.framework in Frameworks */,
				23AF6A231CC493B400A48DDC /* MapKit.framework in Frameworks */,
				23AF6A211CC48F6300A48DDC /* ImageIO.framework in Frameworks */,
				23AF6A1F1CC48F5E00A48DDC /* CoreLocation.framework in Frameworks */,
				23AF6A1D1CC48F5800A48DDC /* CoreGraphics.framework in Frameworks */,
				149267A1976D4653F1458594 /* libPods-MLBArmyKnife.a in Frameworks */,
			);
			runOnlyForDeploymentPostprocessing = 0;
		};
		23AF69E41CC481B400A48DDC /* Frameworks */ = {
			isa = PBXFrameworksBuildPhase;
			buildActionMask = 2147483647;
			files = (
			);
			runOnlyForDeploymentPostprocessing = 0;
		};
		23AF69EF1CC481B400A48DDC /* Frameworks */ = {
			isa = PBXFrameworksBuildPhase;
			buildActionMask = 2147483647;
			files = (
			);
			runOnlyForDeploymentPostprocessing = 0;
		};
/* End PBXFrameworksBuildPhase section */

/* Begin PBXGroup section */
		2304691F1D839F42003FDFE4 /* CustomView */ = {
			isa = PBXGroup;
			children = (
				230469301D83A0DA003FDFE4 /* MLBCircularImageView */,
				230469351D83A0DA003FDFE4 /* MLBDrawingView */,
				230469381D83A0DA003FDFE4 /* MLBTopImageButton */,
			);
			path = CustomView;
			sourceTree = "<group>";
		};
		230469201D83A0D2003FDFE4 /* Resources */ = {
			isa = PBXGroup;
			children = (
				230469211D83A0D2003FDFE4 /* Images */,
				230469251D83A0D2003FDFE4 /* Sounds */,
			);
			path = Resources;
			sourceTree = "<group>";
		};
		230469211D83A0D2003FDFE4 /* Images */ = {
			isa = PBXGroup;
			children = (
				230469221D83A0D2003FDFE4 /* img_scan_code_light_off.png */,
				230469231D83A0D2003FDFE4 /* img_scan_code_light_on.png */,
				230469241D83A0D2003FDFE4 /* QRCodeScanLine.png */,
			);
			path = Images;
			sourceTree = "<group>";
		};
		230469251D83A0D2003FDFE4 /* Sounds */ = {
			isa = PBXGroup;
			children = (
				230469261D83A0D2003FDFE4 /* qrcode_found.wav */,
			);
			path = Sounds;
			sourceTree = "<group>";
		};
		230469271D83A0D2003FDFE4 /* ViewController */ = {
			isa = PBXGroup;
			children = (
				230469451D83A36A003FDFE4 /* Base */,
				2304694A1D83A36A003FDFE4 /* TabBar */,
				230469281D83A0D2003FDFE4 /* Scan */,
			);
			path = ViewController;
			sourceTree = "<group>";
		};
		230469281D83A0D2003FDFE4 /* Scan */ = {
			isa = PBXGroup;
			children = (
				230469291D83A0D2003FDFE4 /* MLBScanCodeViewController.h */,
				2304692A1D83A0D2003FDFE4 /* MLBScanCodeViewController.m */,
			);
			path = Scan;
			sourceTree = "<group>";
		};
		230469301D83A0DA003FDFE4 /* MLBCircularImageView */ = {
			isa = PBXGroup;
			children = (
				230469331D83A0DA003FDFE4 /* MLBCircularImageView.h */,
				230469341D83A0DA003FDFE4 /* MLBCircularImageView.m */,
				230469421D83A296003FDFE4 /* MLBCircularLoaderView.h */,
				230469431D83A296003FDFE4 /* MLBCircularLoaderView.m */,
			);
			path = MLBCircularImageView;
			sourceTree = "<group>";
		};
		230469351D83A0DA003FDFE4 /* MLBDrawingView */ = {
			isa = PBXGroup;
			children = (
				230469361D83A0DA003FDFE4 /* MLBDrawingView.h */,
				230469371D83A0DA003FDFE4 /* MLBDrawingView.m */,
			);
			path = MLBDrawingView;
			sourceTree = "<group>";
		};
		230469381D83A0DA003FDFE4 /* MLBTopImageButton */ = {
			isa = PBXGroup;
			children = (
				230469391D83A0DA003FDFE4 /* MLBTopImageButton.h */,
				2304693A1D83A0DA003FDFE4 /* MLBTopImageButton.m */,
				2304693B1D83A0DA003FDFE4 /* MLBTopImageWithPointButton.h */,
				2304693C1D83A0DA003FDFE4 /* MLBTopImageWithPointButton.m */,
			);
			path = MLBTopImageButton;
			sourceTree = "<group>";
		};
		230469451D83A36A003FDFE4 /* Base */ = {
			isa = PBXGroup;
			children = (
				230469461D83A36A003FDFE4 /* MLBBaseViewController.h */,
				230469471D83A36A003FDFE4 /* MLBBaseViewController.m */,
				230469481D83A36A003FDFE4 /* MLBNavigationController.h */,
				230469491D83A36A003FDFE4 /* MLBNavigationController.m */,
			);
			path = Base;
			sourceTree = "<group>";
		};
		2304694A1D83A36A003FDFE4 /* TabBar */ = {
			isa = PBXGroup;
			children = (
				2304694B1D83A36A003FDFE4 /* MLBTabBarController.h */,
				2304694C1D83A36A003FDFE4 /* MLBTabBarController.m */,
			);
			path = TabBar;
			sourceTree = "<group>";
		};
		2304695F1D83AE78003FDFE4 /* Lib */ = {
			isa = PBXGroup;
			children = (
				230469601D83AE78003FDFE4 /* MBProgressHUD */,
			);
			path = Lib;
			sourceTree = "<group>";
		};
		230469601D83AE78003FDFE4 /* MBProgressHUD */ = {
			isa = PBXGroup;
			children = (
				230469611D83AE78003FDFE4 /* MBProgressHUD.h */,
				230469621D83AE78003FDFE4 /* MBProgressHUD.m */,
			);
			path = MBProgressHUD;
			sourceTree = "<group>";
		};
		23AF69C51CC481B400A48DDC = {
			isa = PBXGroup;
			children = (
				23AF69D01CC481B400A48DDC /* MLBArmyKnife */,
				23AF69EA1CC481B400A48DDC /* MLBArmyKnifeTests */,
				23AF69F51CC481B400A48DDC /* MLBArmyKnifeUITests */,
				23AF69CF1CC481B400A48DDC /* Products */,
				23AF6A1B1CC48F3E00A48DDC /* Frameworks */,
				A0DD3A3EF0A5843DECBBDB11 /* Pods */,
			);
			sourceTree = "<group>";
		};
		23AF69CF1CC481B400A48DDC /* Products */ = {
			isa = PBXGroup;
			children = (
				23AF69CE1CC481B400A48DDC /* MLBArmyKnife.app */,
				23AF69E71CC481B400A48DDC /* MLBArmyKnifeTests.xctest */,
				23AF69F21CC481B400A48DDC /* MLBArmyKnifeUITests.xctest */,
			);
			name = Products;
			sourceTree = "<group>";
		};
		23AF69D01CC481B400A48DDC /* MLBArmyKnife */ = {
			isa = PBXGroup;
			children = (
				2304695F1D83AE78003FDFE4 /* Lib */,
				23AF6A041CC4822300A48DDC /* MLBArmyKnife */,
				23AF69D41CC481B400A48DDC /* AppDelegate.h */,
				23AF69D51CC481B400A48DDC /* AppDelegate.m */,
				23AF69D71CC481B400A48DDC /* ViewController.h */,
				23AF69D81CC481B400A48DDC /* ViewController.m */,
				23AF69DA1CC481B400A48DDC /* Main.storyboard */,
				23AF69DD1CC481B400A48DDC /* Assets.xcassets */,
				23AF69DF1CC481B400A48DDC /* LaunchScreen.storyboard */,
				23AF69D11CC481B400A48DDC /* Supporting Files */,
			);
			path = MLBArmyKnife;
			sourceTree = "<group>";
		};
		23AF69D11CC481B400A48DDC /* Supporting Files */ = {
			isa = PBXGroup;
			children = (
				23AF69E21CC481B400A48DDC /* Info.plist */,
				23AF69D21CC481B400A48DDC /* main.m */,
				23AF6A1A1CC48D6E00A48DDC /* MLBArmyKnife.pch */,
			);
			name = "Supporting Files";
			sourceTree = "<group>";
		};
		23AF69EA1CC481B400A48DDC /* MLBArmyKnifeTests */ = {
			isa = PBXGroup;
			children = (
				23AF69EB1CC481B400A48DDC /* MLBArmyKnifeTests.m */,
				23AF69ED1CC481B400A48DDC /* Info.plist */,
			);
			path = MLBArmyKnifeTests;
			sourceTree = "<group>";
		};
		23AF69F51CC481B400A48DDC /* MLBArmyKnifeUITests */ = {
			isa = PBXGroup;
			children = (
				23AF69F61CC481B400A48DDC /* MLBArmyKnifeUITests.m */,
				23AF69F81CC481B400A48DDC /* Info.plist */,
			);
			path = MLBArmyKnifeUITests;
			sourceTree = "<group>";
		};
		23AF6A041CC4822300A48DDC /* MLBArmyKnife */ = {
			isa = PBXGroup;
			children = (
				230469201D83A0D2003FDFE4 /* Resources */,
				230469271D83A0D2003FDFE4 /* ViewController */,
				2304691F1D839F42003FDFE4 /* CustomView */,
				23AF6A051CC4822300A48DDC /* Category */,
				23AF6A0C1CC4822300A48DDC /* MLBArmyKnife.h */,
				23AF6A0D1CC4822300A48DDC /* MLBUtilities.h */,
				23AF6A0E1CC4822300A48DDC /* MLBUtilities.m */,
				23AF6A131CC483BA00A48DDC /* MLBMacros.h */,
				2304691B1D839D06003FDFE4 /* MLBConstants.h */,
				2304691C1D839F03003FDFE4 /* MLBUIFactory.h */,
				2304691D1D839F03003FDFE4 /* MLBUIFactory.m */,
			);
			path = MLBArmyKnife;
			sourceTree = "<group>";
		};
		23AF6A051CC4822300A48DDC /* Category */ = {
			isa = PBXGroup;
			children = (
				23AF6A061CC4822300A48DDC /* NSString+MLBUtilities.h */,
				23AF6A071CC4822300A48DDC /* NSString+MLBUtilities.m */,
				23AF6A081CC4822300A48DDC /* UIColor+MLBUtilities.h */,
				23AF6A091CC4822300A48DDC /* UIColor+MLBUtilities.m */,
				23AF6A0A1CC4822300A48DDC /* UIImage+MLBUtilities.h */,
				23AF6A0B1CC4822300A48DDC /* UIImage+MLBUtilities.m */,
				23AF6A141CC48BE000A48DDC /* UIView+MLBUtilities.h */,
				23AF6A151CC48BE000A48DDC /* UIView+MLBUtilities.m */,
				23AF6A171CC48CB900A48DDC /* UIImageView+MLBSDImageLoader.h */,
				23AF6A181CC48CB900A48DDC /* UIImageView+MLBSDImageLoader.m */,
				230469561D83ABF1003FDFE4 /* UINavigationController+MLBNavigationShouldPopExtention.h */,
				230469571D83ABF1003FDFE4 /* UINavigationController+MLBNavigationShouldPopExtention.m */,
				230469591D83AC54003FDFE4 /* NSDecimalNumber+MLBUtilities.h */,
				2304695A1D83AC54003FDFE4 /* NSDecimalNumber+MLBUtilities.m */,
				2304695C1D83ACE4003FDFE4 /* NSTimer+MLBBlocksSupport.h */,
				2304695D1D83ACE4003FDFE4 /* NSTimer+MLBBlocksSupport.m */,
				230469641D83AEA5003FDFE4 /* UIView+MLBShowHUD.h */,
				230469651D83AEA5003FDFE4 /* UIView+MLBShowHUD.m */,
				230469671D83AF97003FDFE4 /* NSArray+MLBUtilities.h */,
				230469681D83AF97003FDFE4 /* NSArray+MLBUtilities.m */,
				23595CEB1D84E31600C07CAA /* UIScrollView+MLBUtilities.h */,
				23595CEC1D84E31600C07CAA /* UIScrollView+MLBUtilities.m */,
			);
			path = Category;
			sourceTree = "<group>";
		};
		23AF6A1B1CC48F3E00A48DDC /* Frameworks */ = {
			isa = PBXGroup;
			children = (
				2304696A1D83B3F9003FDFE4 /* Photos.framework */,
				230469541D83A4E4003FDFE4 /* MobileCoreServices.framework */,
				230469521D83A4DA003FDFE4 /* AudioToolbox.framework */,
				230469501D83A4D4003FDFE4 /* AVFoundation.framework */,
				23AF6A221CC493B300A48DDC /* MapKit.framework */,
				23AF6A201CC48F6300A48DDC /* ImageIO.framework */,
				23AF6A1E1CC48F5E00A48DDC /* CoreLocation.framework */,
				23AF6A1C1CC48F5800A48DDC /* CoreGraphics.framework */,
				1222FC610867C027DC6F3451 /* libPods-MLBArmyKnife.a */,
			);
			name = Frameworks;
			sourceTree = "<group>";
		};
		A0DD3A3EF0A5843DECBBDB11 /* Pods */ = {
			isa = PBXGroup;
			children = (
				666A2FA353D62B72F67E0CCE /* Pods-MLBArmyKnife.debug.xcconfig */,
				C8859B76E8F8E28AB1D678E0 /* Pods-MLBArmyKnife.release.xcconfig */,
			);
			name = Pods;
			sourceTree = "<group>";
		};
/* End PBXGroup section */

/* Begin PBXNativeTarget section */
		23AF69CD1CC481B400A48DDC /* MLBArmyKnife */ = {
			isa = PBXNativeTarget;
			buildConfigurationList = 23AF69FB1CC481B400A48DDC /* Build configuration list for PBXNativeTarget "MLBArmyKnife" */;
			buildPhases = (
				F488668102DB50AC8DDEEFE1 /* Check Pods Manifest.lock */,
				23AF69CA1CC481B400A48DDC /* Sources */,
				23AF69CB1CC481B400A48DDC /* Frameworks */,
				23AF69CC1CC481B400A48DDC /* Resources */,
				E525DCFF359590450026618D /* Embed Pods Frameworks */,
				9298CBD0046C1403A12575D5 /* Copy Pods Resources */,
			);
			buildRules = (
			);
			dependencies = (
			);
			name = MLBArmyKnife;
			productName = MLBArmyKnife;
			productReference = 23AF69CE1CC481B400A48DDC /* MLBArmyKnife.app */;
			productType = "com.apple.product-type.application";
		};
		23AF69E61CC481B400A48DDC /* MLBArmyKnifeTests */ = {
			isa = PBXNativeTarget;
			buildConfigurationList = 23AF69FE1CC481B400A48DDC /* Build configuration list for PBXNativeTarget "MLBArmyKnifeTests" */;
			buildPhases = (
				23AF69E31CC481B400A48DDC /* Sources */,
				23AF69E41CC481B400A48DDC /* Frameworks */,
				23AF69E51CC481B400A48DDC /* Resources */,
			);
			buildRules = (
			);
			dependencies = (
				23AF69E91CC481B400A48DDC /* PBXTargetDependency */,
			);
			name = MLBArmyKnifeTests;
			productName = MLBArmyKnifeTests;
			productReference = 23AF69E71CC481B400A48DDC /* MLBArmyKnifeTests.xctest */;
			productType = "com.apple.product-type.bundle.unit-test";
		};
		23AF69F11CC481B400A48DDC /* MLBArmyKnifeUITests */ = {
			isa = PBXNativeTarget;
			buildConfigurationList = 23AF6A011CC481B400A48DDC /* Build configuration list for PBXNativeTarget "MLBArmyKnifeUITests" */;
			buildPhases = (
				23AF69EE1CC481B400A48DDC /* Sources */,
				23AF69EF1CC481B400A48DDC /* Frameworks */,
				23AF69F01CC481B400A48DDC /* Resources */,
			);
			buildRules = (
			);
			dependencies = (
				23AF69F41CC481B400A48DDC /* PBXTargetDependency */,
			);
			name = MLBArmyKnifeUITests;
			productName = MLBArmyKnifeUITests;
			productReference = 23AF69F21CC481B400A48DDC /* MLBArmyKnifeUITests.xctest */;
			productType = "com.apple.product-type.bundle.ui-testing";
		};
/* End PBXNativeTarget section */

/* Begin PBXProject section */
		23AF69C61CC481B400A48DDC /* Project object */ = {
			isa = PBXProject;
			attributes = {
				LastUpgradeCheck = 0730;
				ORGANIZATIONNAME = meilbn;
				TargetAttributes = {
					23AF69CD1CC481B400A48DDC = {
						CreatedOnToolsVersion = 7.3;
					};
					23AF69E61CC481B400A48DDC = {
						CreatedOnToolsVersion = 7.3;
						TestTargetID = 23AF69CD1CC481B400A48DDC;
					};
					23AF69F11CC481B400A48DDC = {
						CreatedOnToolsVersion = 7.3;
						TestTargetID = 23AF69CD1CC481B400A48DDC;
					};
				};
			};
			buildConfigurationList = 23AF69C91CC481B400A48DDC /* Build configuration list for PBXProject "MLBArmyKnife" */;
			compatibilityVersion = "Xcode 3.2";
			developmentRegion = English;
			hasScannedForEncodings = 0;
			knownRegions = (
				en,
				Base,
			);
			mainGroup = 23AF69C51CC481B400A48DDC;
			productRefGroup = 23AF69CF1CC481B400A48DDC /* Products */;
			projectDirPath = "";
			projectRoot = "";
			targets = (
				23AF69CD1CC481B400A48DDC /* MLBArmyKnife */,
				23AF69E61CC481B400A48DDC /* MLBArmyKnifeTests */,
				23AF69F11CC481B400A48DDC /* MLBArmyKnifeUITests */,
			);
		};
/* End PBXProject section */

/* Begin PBXResourcesBuildPhase section */
		23AF69CC1CC481B400A48DDC /* Resources */ = {
			isa = PBXResourcesBuildPhase;
			buildActionMask = 2147483647;
			files = (
				2304692C1D83A0D2003FDFE4 /* img_scan_code_light_on.png in Resources */,
				23AF69E11CC481B400A48DDC /* LaunchScreen.storyboard in Resources */,
				23AF69DE1CC481B400A48DDC /* Assets.xcassets in Resources */,
				2304692B1D83A0D2003FDFE4 /* img_scan_code_light_off.png in Resources */,
				2304692D1D83A0D2003FDFE4 /* QRCodeScanLine.png in Resources */,
				2304692E1D83A0D2003FDFE4 /* qrcode_found.wav in Resources */,
				23AF69DC1CC481B400A48DDC /* Main.storyboard in Resources */,
			);
			runOnlyForDeploymentPostprocessing = 0;
		};
		23AF69E51CC481B400A48DDC /* Resources */ = {
			isa = PBXResourcesBuildPhase;
			buildActionMask = 2147483647;
			files = (
			);
			runOnlyForDeploymentPostprocessing = 0;
		};
		23AF69F01CC481B400A48DDC /* Resources */ = {
			isa = PBXResourcesBuildPhase;
			buildActionMask = 2147483647;
			files = (
			);
			runOnlyForDeploymentPostprocessing = 0;
		};
/* End PBXResourcesBuildPhase section */

/* Begin PBXShellScriptBuildPhase section */
		9298CBD0046C1403A12575D5 /* Copy Pods Resources */ = {
			isa = PBXShellScriptBuildPhase;
			buildActionMask = 2147483647;
			files = (
			);
			inputPaths = (
			);
			name = "Copy Pods Resources";
			outputPaths = (
			);
			runOnlyForDeploymentPostprocessing = 0;
			shellPath = /bin/sh;
			shellScript = "\"${SRCROOT}/Pods/Target Support Files/Pods-MLBArmyKnife/Pods-MLBArmyKnife-resources.sh\"\n";
			showEnvVarsInLog = 0;
		};
		E525DCFF359590450026618D /* Embed Pods Frameworks */ = {
			isa = PBXShellScriptBuildPhase;
			buildActionMask = 2147483647;
			files = (
			);
			inputPaths = (
			);
			name = "Embed Pods Frameworks";
			outputPaths = (
			);
			runOnlyForDeploymentPostprocessing = 0;
			shellPath = /bin/sh;
			shellScript = "\"${SRCROOT}/Pods/Target Support Files/Pods-MLBArmyKnife/Pods-MLBArmyKnife-frameworks.sh\"\n";
			showEnvVarsInLog = 0;
		};
		F488668102DB50AC8DDEEFE1 /* Check Pods Manifest.lock */ = {
			isa = PBXShellScriptBuildPhase;
			buildActionMask = 2147483647;
			files = (
			);
			inputPaths = (
			);
			name = "Check Pods Manifest.lock";
			outputPaths = (
			);
			runOnlyForDeploymentPostprocessing = 0;
			shellPath = /bin/sh;
			shellScript = "diff \"${PODS_ROOT}/../Podfile.lock\" \"${PODS_ROOT}/Manifest.lock\" > /dev/null\nif [[ $? != 0 ]] ; then\n    cat << EOM\nerror: The sandbox is not in sync with the Podfile.lock. Run 'pod install' or update your CocoaPods installation.\nEOM\n    exit 1\nfi\n";
			showEnvVarsInLog = 0;
		};
/* End PBXShellScriptBuildPhase section */

/* Begin PBXSourcesBuildPhase section */
		23AF69CA1CC481B400A48DDC /* Sources */ = {
			isa = PBXSourcesBuildPhase;
			buildActionMask = 2147483647;
			files = (
				23595CED1D84E31600C07CAA /* UIScrollView+MLBUtilities.m in Sources */,
				230469401D83A0DA003FDFE4 /* MLBTopImageButton.m in Sources */,
				2304693E1D83A0DA003FDFE4 /* MLBCircularImageView.m in Sources */,
				230469631D83AE78003FDFE4 /* MBProgressHUD.m in Sources */,
				23AF6A101CC4822300A48DDC /* UIColor+MLBUtilities.m in Sources */,
				23AF6A121CC4822300A48DDC /* MLBUtilities.m in Sources */,
				2304693F1D83A0DA003FDFE4 /* MLBDrawingView.m in Sources */,
				2304694E1D83A36A003FDFE4 /* MLBNavigationController.m in Sources */,
				2304695B1D83AC54003FDFE4 /* NSDecimalNumber+MLBUtilities.m in Sources */,
				2304691E1D839F03003FDFE4 /* MLBUIFactory.m in Sources */,
				23AF6A0F1CC4822300A48DDC /* NSString+MLBUtilities.m in Sources */,
				2304694D1D83A36A003FDFE4 /* MLBBaseViewController.m in Sources */,
				23AF6A161CC48BE000A48DDC /* UIView+MLBUtilities.m in Sources */,
				23AF6A111CC4822300A48DDC /* UIImage+MLBUtilities.m in Sources */,
				230469411D83A0DA003FDFE4 /* MLBTopImageWithPointButton.m in Sources */,
				2304692F1D83A0D2003FDFE4 /* MLBScanCodeViewController.m in Sources */,
				230469661D83AEA5003FDFE4 /* UIView+MLBShowHUD.m in Sources */,
				2304694F1D83A36A003FDFE4 /* MLBTabBarController.m in Sources */,
				230469691D83AF97003FDFE4 /* NSArray+MLBUtilities.m in Sources */,
				23AF6A191CC48CB900A48DDC /* UIImageView+MLBSDImageLoader.m in Sources */,
				23AF69D91CC481B400A48DDC /* ViewController.m in Sources */,
				230469441D83A296003FDFE4 /* MLBCircularLoaderView.m in Sources */,
				23AF69D61CC481B400A48DDC /* AppDelegate.m in Sources */,
				23AF69D31CC481B400A48DDC /* main.m in Sources */,
				2304695E1D83ACE4003FDFE4 /* NSTimer+MLBBlocksSupport.m in Sources */,
				230469581D83ABF1003FDFE4 /* UINavigationController+MLBNavigationShouldPopExtention.m in Sources */,
			);
			runOnlyForDeploymentPostprocessing = 0;
		};
		23AF69E31CC481B400A48DDC /* Sources */ = {
			isa = PBXSourcesBuildPhase;
			buildActionMask = 2147483647;
			files = (
				23AF69EC1CC481B400A48DDC /* MLBArmyKnifeTests.m in Sources */,
			);
			runOnlyForDeploymentPostprocessing = 0;
		};
		23AF69EE1CC481B400A48DDC /* Sources */ = {
			isa = PBXSourcesBuildPhase;
			buildActionMask = 2147483647;
			files = (
				23AF69F71CC481B400A48DDC /* MLBArmyKnifeUITests.m in Sources */,
			);
			runOnlyForDeploymentPostprocessing = 0;
		};
/* End PBXSourcesBuildPhase section */

/* Begin PBXTargetDependency section */
		23AF69E91CC481B400A48DDC /* PBXTargetDependency */ = {
			isa = PBXTargetDependency;
			target = 23AF69CD1CC481B400A48DDC /* MLBArmyKnife */;
			targetProxy = 23AF69E81CC481B400A48DDC /* PBXContainerItemProxy */;
		};
		23AF69F41CC481B400A48DDC /* PBXTargetDependency */ = {
			isa = PBXTargetDependency;
			target = 23AF69CD1CC481B400A48DDC /* MLBArmyKnife */;
			targetProxy = 23AF69F31CC481B400A48DDC /* PBXContainerItemProxy */;
		};
/* End PBXTargetDependency section */

/* Begin PBXVariantGroup section */
		23AF69DA1CC481B400A48DDC /* Main.storyboard */ = {
			isa = PBXVariantGroup;
			children = (
				23AF69DB1CC481B400A48DDC /* Base */,
			);
			name = Main.storyboard;
			sourceTree = "<group>";
		};
		23AF69DF1CC481B400A48DDC /* LaunchScreen.storyboard */ = {
			isa = PBXVariantGroup;
			children = (
				23AF69E01CC481B400A48DDC /* Base */,
			);
			name = LaunchScreen.storyboard;
			sourceTree = "<group>";
		};
/* End PBXVariantGroup section */

/* Begin XCBuildConfiguration section */
		23AF69F91CC481B400A48DDC /* Debug */ = {
			isa = XCBuildConfiguration;
			buildSettings = {
				ALWAYS_SEARCH_USER_PATHS = NO;
				CLANG_ANALYZER_NONNULL = YES;
				CLANG_CXX_LANGUAGE_STANDARD = "gnu++0x";
				CLANG_CXX_LIBRARY = "libc++";
				CLANG_ENABLE_MODULES = YES;
				CLANG_ENABLE_OBJC_ARC = YES;
				CLANG_WARN_BOOL_CONVERSION = YES;
				CLANG_WARN_CONSTANT_CONVERSION = YES;
				CLANG_WARN_DIRECT_OBJC_ISA_USAGE = YES_ERROR;
				CLANG_WARN_EMPTY_BODY = YES;
				CLANG_WARN_ENUM_CONVERSION = YES;
				CLANG_WARN_INT_CONVERSION = YES;
				CLANG_WARN_OBJC_ROOT_CLASS = YES_ERROR;
				CLANG_WARN_UNREACHABLE_CODE = YES;
				CLANG_WARN__DUPLICATE_METHOD_MATCH = YES;
				"CODE_SIGN_IDENTITY[sdk=iphoneos*]" = "iPhone Developer";
				COPY_PHASE_STRIP = NO;
				DEBUG_INFORMATION_FORMAT = dwarf;
				ENABLE_STRICT_OBJC_MSGSEND = YES;
				ENABLE_TESTABILITY = YES;
				GCC_C_LANGUAGE_STANDARD = gnu99;
				GCC_DYNAMIC_NO_PIC = NO;
				GCC_NO_COMMON_BLOCKS = YES;
				GCC_OPTIMIZATION_LEVEL = 0;
				GCC_PREPROCESSOR_DEFINITIONS = (
					"DEBUG=1",
					"$(inherited)",
				);
				GCC_WARN_64_TO_32_BIT_CONVERSION = YES;
				GCC_WARN_ABOUT_RETURN_TYPE = YES_ERROR;
				GCC_WARN_UNDECLARED_SELECTOR = YES;
				GCC_WARN_UNINITIALIZED_AUTOS = YES_AGGRESSIVE;
				GCC_WARN_UNUSED_FUNCTION = YES;
				GCC_WARN_UNUSED_VARIABLE = YES;
				IPHONEOS_DEPLOYMENT_TARGET = 7.0;
				MTL_ENABLE_DEBUG_INFO = YES;
				ONLY_ACTIVE_ARCH = YES;
				SDKROOT = iphoneos;
			};
			name = Debug;
		};
		23AF69FA1CC481B400A48DDC /* Release */ = {
			isa = XCBuildConfiguration;
			buildSettings = {
				ALWAYS_SEARCH_USER_PATHS = NO;
				CLANG_ANALYZER_NONNULL = YES;
				CLANG_CXX_LANGUAGE_STANDARD = "gnu++0x";
				CLANG_CXX_LIBRARY = "libc++";
				CLANG_ENABLE_MODULES = YES;
				CLANG_ENABLE_OBJC_ARC = YES;
				CLANG_WARN_BOOL_CONVERSION = YES;
				CLANG_WARN_CONSTANT_CONVERSION = YES;
				CLANG_WARN_DIRECT_OBJC_ISA_USAGE = YES_ERROR;
				CLANG_WARN_EMPTY_BODY = YES;
				CLANG_WARN_ENUM_CONVERSION = YES;
				CLANG_WARN_INT_CONVERSION = YES;
				CLANG_WARN_OBJC_ROOT_CLASS = YES_ERROR;
				CLANG_WARN_UNREACHABLE_CODE = YES;
				CLANG_WARN__DUPLICATE_METHOD_MATCH = YES;
				"CODE_SIGN_IDENTITY[sdk=iphoneos*]" = "iPhone Developer";
				COPY_PHASE_STRIP = NO;
				DEBUG_INFORMATION_FORMAT = "dwarf-with-dsym";
				ENABLE_NS_ASSERTIONS = NO;
				ENABLE_STRICT_OBJC_MSGSEND = YES;
				GCC_C_LANGUAGE_STANDARD = gnu99;
				GCC_NO_COMMON_BLOCKS = YES;
				GCC_WARN_64_TO_32_BIT_CONVERSION = YES;
				GCC_WARN_ABOUT_RETURN_TYPE = YES_ERROR;
				GCC_WARN_UNDECLARED_SELECTOR = YES;
				GCC_WARN_UNINITIALIZED_AUTOS = YES_AGGRESSIVE;
				GCC_WARN_UNUSED_FUNCTION = YES;
				GCC_WARN_UNUSED_VARIABLE = YES;
				IPHONEOS_DEPLOYMENT_TARGET = 7.0;
				MTL_ENABLE_DEBUG_INFO = NO;
				SDKROOT = iphoneos;
				VALIDATE_PRODUCT = YES;
			};
			name = Release;
		};
		23AF69FC1CC481B400A48DDC /* Debug */ = {
			isa = XCBuildConfiguration;
			baseConfigurationReference = 666A2FA353D62B72F67E0CCE /* Pods-MLBArmyKnife.debug.xcconfig */;
			buildSettings = {
				ASSETCATALOG_COMPILER_APPICON_NAME = AppIcon;
				GCC_PREFIX_HEADER = "$(SRCROOT)/MLBArmyKnife/MLBArmyKnife.pch";
				INFOPLIST_FILE = MLBArmyKnife/Info.plist;
				LD_RUNPATH_SEARCH_PATHS = "$(inherited) @executable_path/Frameworks";
				PRODUCT_BUNDLE_IDENTIFIER = com.meilbn.MLBArmyKnife;
				PRODUCT_NAME = "$(TARGET_NAME)";
			};
			name = Debug;
		};
		23AF69FD1CC481B400A48DDC /* Release */ = {
			isa = XCBuildConfiguration;
			baseConfigurationReference = C8859B76E8F8E28AB1D678E0 /* Pods-MLBArmyKnife.release.xcconfig */;
			buildSettings = {
				ASSETCATALOG_COMPILER_APPICON_NAME = AppIcon;
				GCC_PREFIX_HEADER = "$(SRCROOT)/MLBArmyKnife/MLBArmyKnife.pch";
				INFOPLIST_FILE = MLBArmyKnife/Info.plist;
				LD_RUNPATH_SEARCH_PATHS = "$(inherited) @executable_path/Frameworks";
				PRODUCT_BUNDLE_IDENTIFIER = com.meilbn.MLBArmyKnife;
				PRODUCT_NAME = "$(TARGET_NAME)";
			};
			name = Release;
		};
		23AF69FF1CC481B400A48DDC /* Debug */ = {
			isa = XCBuildConfiguration;
			buildSettings = {
				BUNDLE_LOADER = "$(TEST_HOST)";
				INFOPLIST_FILE = MLBArmyKnifeTests/Info.plist;
				LD_RUNPATH_SEARCH_PATHS = "$(inherited) @executable_path/Frameworks @loader_path/Frameworks";
				PRODUCT_BUNDLE_IDENTIFIER = com.meilbn.MLBArmyKnifeTests;
				PRODUCT_NAME = "$(TARGET_NAME)";
				TEST_HOST = "$(BUILT_PRODUCTS_DIR)/MLBArmyKnife.app/MLBArmyKnife";
			};
			name = Debug;
		};
		23AF6A001CC481B400A48DDC /* Release */ = {
			isa = XCBuildConfiguration;
			buildSettings = {
				BUNDLE_LOADER = "$(TEST_HOST)";
				INFOPLIST_FILE = MLBArmyKnifeTests/Info.plist;
				LD_RUNPATH_SEARCH_PATHS = "$(inherited) @executable_path/Frameworks @loader_path/Frameworks";
				PRODUCT_BUNDLE_IDENTIFIER = com.meilbn.MLBArmyKnifeTests;
				PRODUCT_NAME = "$(TARGET_NAME)";
				TEST_HOST = "$(BUILT_PRODUCTS_DIR)/MLBArmyKnife.app/MLBArmyKnife";
			};
			name = Release;
		};
		23AF6A021CC481B400A48DDC /* Debug */ = {
			isa = XCBuildConfiguration;
			buildSettings = {
				INFOPLIST_FILE = MLBArmyKnifeUITests/Info.plist;
				LD_RUNPATH_SEARCH_PATHS = "$(inherited) @executable_path/Frameworks @loader_path/Frameworks";
				PRODUCT_BUNDLE_IDENTIFIER = com.meilbn.MLBArmyKnifeUITests;
				PRODUCT_NAME = "$(TARGET_NAME)";
				TEST_TARGET_NAME = MLBArmyKnife;
			};
			name = Debug;
		};
		23AF6A031CC481B400A48DDC /* Release */ = {
			isa = XCBuildConfiguration;
			buildSettings = {
				INFOPLIST_FILE = MLBArmyKnifeUITests/Info.plist;
				LD_RUNPATH_SEARCH_PATHS = "$(inherited) @executable_path/Frameworks @loader_path/Frameworks";
				PRODUCT_BUNDLE_IDENTIFIER = com.meilbn.MLBArmyKnifeUITests;
				PRODUCT_NAME = "$(TARGET_NAME)";
				TEST_TARGET_NAME = MLBArmyKnife;
			};
			name = Release;
		};
/* End XCBuildConfiguration section */

/* Begin XCConfigurationList section */
		23AF69C91CC481B400A48DDC /* Build configuration list for PBXProject "MLBArmyKnife" */ = {
			isa = XCConfigurationList;
			buildConfigurations = (
				23AF69F91CC481B400A48DDC /* Debug */,
				23AF69FA1CC481B400A48DDC /* Release */,
			);
			defaultConfigurationIsVisible = 0;
			defaultConfigurationName = Release;
		};
		23AF69FB1CC481B400A48DDC /* Build configuration list for PBXNativeTarget "MLBArmyKnife" */ = {
			isa = XCConfigurationList;
			buildConfigurations = (
				23AF69FC1CC481B400A48DDC /* Debug */,
				23AF69FD1CC481B400A48DDC /* Release */,
			);
			defaultConfigurationIsVisible = 0;
			defaultConfigurationName = Release;
		};
		23AF69FE1CC481B400A48DDC /* Build configuration list for PBXNativeTarget "MLBArmyKnifeTests" */ = {
			isa = XCConfigurationList;
			buildConfigurations = (
				23AF69FF1CC481B400A48DDC /* Debug */,
				23AF6A001CC481B400A48DDC /* Release */,
			);
			defaultConfigurationIsVisible = 0;
			defaultConfigurationName = Release;
		};
		23AF6A011CC481B400A48DDC /* Build configuration list for PBXNativeTarget "MLBArmyKnifeUITests" */ = {
			isa = XCConfigurationList;
			buildConfigurations = (
				23AF6A021CC481B400A48DDC /* Debug */,
				23AF6A031CC481B400A48DDC /* Release */,
			);
			defaultConfigurationIsVisible = 0;
			defaultConfigurationName = Release;
		};
/* End XCConfigurationList section */
	};
	rootObject = 23AF69C61CC481B400A48DDC /* Project object */;
}
